
Microsoft Visual Studio Solution File, Format Version 12.00
# Visual Studio Version 16
VisualStudioVersion = 16.0.30225.117
MinimumVisualStudioVersion = 10.0.40219.1
Project("{9A19103F-16F7-4668-BE54-9A1E7A4F7556}") = "MazeGenerator", "MazeGenerator.csproj", "{9B80A4D6-DC86-45FB-AB14-E737FE5125B1}"
EndProject
Project("{9A19103F-16F7-4668-BE54-9A1E7A4F7556}") = "MazeGenLib", "..\MazeGenLib\MazeGenLib.csproj", "{91EC350F-23CD-4451-93C0-C6B2DBBA20EE}"
EndProject
Global
	GlobalSection(SolutionConfigurationPlatforms) = preSolution
		Debug|Any CPU = Debug|Any CPU
		Release|Any CPU = Release|Any CPU
	EndGlobalSection
	GlobalSection(ProjectConfigurationPlatforms) = postSolution
		{9B80A4D6-DC86-45FB-AB14-E737FE5125B1}.Debug|Any CPU.ActiveCfg = Debug|Any CPU
		{9B80A4D6-DC86-45FB-AB14-E737FE5125B1}.Debug|Any CPU.Build.0 = Debug|Any CPU
		{9B80A4D6-DC86-45FB-AB14-E737FE5125B1}.Release|Any CPU.ActiveCfg = Release|Any CPU
		{9B80A4D6-DC86-45FB-AB14-E737FE5125B1}.Release|Any CPU.Build.0 = Release|Any CPU
		{91EC350F-23CD-4451-93C0-C6B2DBBA20EE}.Debug|Any CPU.ActiveCfg = Debug|Any CPU
		{91EC350F-23CD-4451-93C0-C6B2DBBA20EE}.Debug|Any CPU.Build.0 = Debug|Any CPU
		{91EC350F-23CD-4451-93C0-C6B2DBBA20EE}.Release|Any CPU.ActiveCfg = Release|Any CPU
		{91EC350F-23CD-4451-93C0-C6B2DBBA20EE}.Release|Any CPU.Build.0 = Release|Any CPU
	EndGlobalSection
	GlobalSection(SolutionProperties) = preSolution
		HideSolutionNode = FALSE
	EndGlobalSection
	GlobalSection(ExtensibilityGlobals) = postSolution
		SolutionGuid = {BD4312BC-3DB5-4089-BFA0-B9AFB89F81DC}
	EndGlobalSection
EndGlobal
